
Microsoft Visual Studio Solution File, Format Version 12.00
# Visual Studio Version 16
VisualStudioVersion = 16.0.31321.278
MinimumVisualStudioVersion = 10.0.40219.1
Project("{FAE04EC0-301F-11D3-BF4B-00C04F79EFBC}") = "LinkedListExample", "LinkedListExample\LinkedListExample.csproj", "{8C15DDDD-A760-4C99-AA34-8B65CE1337CD}"
EndProject
Global
	GlobalSection(SolutionConfigurationPlatforms) = preSolution
		Debug|Any CPU = Debug|Any CPU
		Release|Any CPU = Release|Any CPU
	EndGlobalSection
	GlobalSection(ProjectConfigurationPlatforms) = postSolution
		{8C15DDDD-A760-4C99-AA34-8B65CE1337CD}.Debug|Any CPU.ActiveCfg = Debug|Any CPU
		{8C15DDDD-A760-4C99-AA34-8B65CE1337CD}.Debug|Any CPU.Build.0 = Debug|Any CPU
		{8C15DDDD-A760-4C99-AA34-8B65CE1337CD}.Release|Any CPU.ActiveCfg = Release|Any CPU
		{8C15DDDD-A760-4C99-AA34-8B65CE1337CD}.Release|Any CPU.Build.0 = Release|Any CPU
	EndGlobalSection
	GlobalSection(SolutionProperties) = preSolution
		HideSolutionNode = FALSE
	EndGlobalSection
	GlobalSection(ExtensibilityGlobals) = postSolution
		SolutionGuid = {2F1BA965-06D8-4438-9CD4-5C6096EA56CD}
	EndGlobalSection
EndGlobal
